
Microsoft Visual Studio Solution File, Format Version 12.00
# Visual Studio Version 17
VisualStudioVersion = 17.0.31903.59
MinimumVisualStudioVersion = 10.0.40219.1
Project("{9A19103F-16F7-4668-BE54-9A1E7A4F7556}") = "WebTest", "WebTest\WebTest.csproj", "{D3FE0097-6794-4892-9831-549B9FFB7232}"
EndProject
Project("{9A19103F-16F7-4668-BE54-9A1E7A4F7556}") = "DataAccess", "DataAccess\DataAccess.csproj", "{083B5D68-A4AD-4E20-84DC-63202321B45E}"
EndProject
Global
	GlobalSection(SolutionConfigurationPlatforms) = preSolution
		Debug|Any CPU = Debug|Any CPU
		Release|Any CPU = Release|Any CPU
	EndGlobalSection
	GlobalSection(ProjectConfigurationPlatforms) = postSolution
		{D3FE0097-6794-4892-9831-549B9FFB7232}.Debug|Any CPU.ActiveCfg = Debug|Any CPU
		{D3FE0097-6794-4892-9831-549B9FFB7232}.Debug|Any CPU.Build.0 = Debug|Any CPU
		{D3FE0097-6794-4892-9831-549B9FFB7232}.Release|Any CPU.ActiveCfg = Release|Any CPU
		{D3FE0097-6794-4892-9831-549B9FFB7232}.Release|Any CPU.Build.0 = Release|Any CPU
		{083B5D68-A4AD-4E20-84DC-63202321B45E}.Debug|Any CPU.ActiveCfg = Debug|Any CPU
		{083B5D68-A4AD-4E20-84DC-63202321B45E}.Debug|Any CPU.Build.0 = Debug|Any CPU
		{083B5D68-A4AD-4E20-84DC-63202321B45E}.Release|Any CPU.ActiveCfg = Release|Any CPU
		{083B5D68-A4AD-4E20-84DC-63202321B45E}.Release|Any CPU.Build.0 = Release|Any CPU
	EndGlobalSection
	GlobalSection(SolutionProperties) = preSolution
		HideSolutionNode = FALSE
	EndGlobalSection
	GlobalSection(ExtensibilityGlobals) = postSolution
		SolutionGuid = {B11DFE96-6103-480C-B7E0-15A4F830067C}
	EndGlobalSection
EndGlobal
